
Microsoft Visual Studio Solution File, Format Version 12.00
# Visual Studio 15
VisualStudioVersion = 15.0.27428.2015
MinimumVisualStudioVersion = 10.0.40219.1
Project("{FAE04EC0-301F-11D3-BF4B-00C04F79EFBC}") = "SkyLab", "SkyLab\SkyLab.csproj", "{31ECB1FA-C182-45A3-81DE-8D3FFBF018E1}"
EndProject
Global
	GlobalSection(SolutionConfigurationPlatforms) = preSolution
		Debug|Any CPU = Debug|Any CPU
		Release|Any CPU = Release|Any CPU
	EndGlobalSection
	GlobalSection(ProjectConfigurationPlatforms) = postSolution
		{31ECB1FA-C182-45A3-81DE-8D3FFBF018E1}.Debug|Any CPU.ActiveCfg = Debug|Any CPU
		{31ECB1FA-C182-45A3-81DE-8D3FFBF018E1}.Debug|Any CPU.Build.0 = Debug|Any CPU
		{31ECB1FA-C182-45A3-81DE-8D3FFBF018E1}.Release|Any CPU.ActiveCfg = Release|Any CPU
		{31ECB1FA-C182-45A3-81DE-8D3FFBF018E1}.Release|Any CPU.Build.0 = Release|Any CPU
	EndGlobalSection
	GlobalSection(SolutionProperties) = preSolution
		HideSolutionNode = FALSE
	EndGlobalSection
	GlobalSection(ExtensibilityGlobals) = postSolution
		SolutionGuid = {FBB45C68-11D7-4C66-882E-1E47EE6501B4}
	EndGlobalSection
EndGlobal
